
Microsoft Visual Studio Solution File, Format Version 12.00
# Visual Studio Version 17
VisualStudioVersion = 17.14.36603.0 d17.14
MinimumVisualStudioVersion = 10.0.40219.1
Project("{FAE04EC0-301F-11D3-BF4B-00C04F79EFBC}") = "UI", "UI\UI.csproj", "{0D5DA635-3463-40AF-9233-6F601C9C6DC1}"
EndProject
Project("{FAE04EC0-301F-11D3-BF4B-00C04F79EFBC}") = "Domain", "Domain\Domain.csproj", "{99F80C3D-FC43-464E-B69C-F63C02ED755A}"
EndProject
Project("{FAE04EC0-301F-11D3-BF4B-00C04F79EFBC}") = "Data", "Data\Data.csproj", "{EE62BE58-57D6-46F3-9609-ED3E72CFF856}"
EndProject
Global
	GlobalSection(SolutionConfigurationPlatforms) = preSolution
		Debug|Any CPU = Debug|Any CPU
		Release|Any CPU = Release|Any CPU
	EndGlobalSection
	GlobalSection(ProjectConfigurationPlatforms) = postSolution
		{0D5DA635-3463-40AF-9233-6F601C9C6DC1}.Debug|Any CPU.ActiveCfg = Debug|Any CPU
		{0D5DA635-3463-40AF-9233-6F601C9C6DC1}.Debug|Any CPU.Build.0 = Debug|Any CPU
		{0D5DA635-3463-40AF-9233-6F601C9C6DC1}.Release|Any CPU.ActiveCfg = Release|Any CPU
		{0D5DA635-3463-40AF-9233-6F601C9C6DC1}.Release|Any CPU.Build.0 = Release|Any CPU
		{99F80C3D-FC43-464E-B69C-F63C02ED755A}.Debug|Any CPU.ActiveCfg = Debug|Any CPU
		{99F80C3D-FC43-464E-B69C-F63C02ED755A}.Debug|Any CPU.Build.0 = Debug|Any CPU
		{99F80C3D-FC43-464E-B69C-F63C02ED755A}.Release|Any CPU.ActiveCfg = Release|Any CPU
		{99F80C3D-FC43-464E-B69C-F63C02ED755A}.Release|Any CPU.Build.0 = Release|Any CPU
		{EE62BE58-57D6-46F3-9609-ED3E72CFF856}.Debug|Any CPU.ActiveCfg = Debug|Any CPU
		{EE62BE58-57D6-46F3-9609-ED3E72CFF856}.Debug|Any CPU.Build.0 = Debug|Any CPU
		{EE62BE58-57D6-46F3-9609-ED3E72CFF856}.Release|Any CPU.ActiveCfg = Release|Any CPU
		{EE62BE58-57D6-46F3-9609-ED3E72CFF856}.Release|Any CPU.Build.0 = Release|Any CPU
	EndGlobalSection
	GlobalSection(SolutionProperties) = preSolution
		HideSolutionNode = FALSE
	EndGlobalSection
	GlobalSection(ExtensibilityGlobals) = postSolution
		SolutionGuid = {E2D33997-94CA-442D-8E87-4B4A74DF8C9E}
	EndGlobalSection
EndGlobal
